
Microsoft Visual Studio Solution File, Format Version 12.00
# Visual Studio 14
VisualStudioVersion = 14.0.25420.1
MinimumVisualStudioVersion = 10.0.40219.1
Project("{2150E333-8FDC-42A3-9474-1A3956D46DE8}") = ".Solution", ".Solution", "{95BAD5E5-2EEF-4E1D-92DB-FFCA642AAE6F}"
EndProject
Project("{2150E333-8FDC-42A3-9474-1A3956D46DE8}") = "1. Function", "1. Function", "{BB40B328-34FB-45E4-8204-A427DF0424AB}"
	ProjectSection(SolutionItems) = preProject
		1. Function\README = 1. Function\README
	EndProjectSection
EndProject
Project("{2150E333-8FDC-42A3-9474-1A3956D46DE8}") = "2. Content", "2. Content", "{6212E19F-2D94-4EE5-9AEF-DACDBB738259}"
EndProject
Project("{2150E333-8FDC-42A3-9474-1A3956D46DE8}") = "3. Delivery", "3. Delivery", "{A54E996F-5876-4595-8E8F-19B64016C2C5}"
EndProject
Project("{FAE04EC0-301F-11D3-BF4B-00C04F79EFBC}") = "Configuration", "Configuration\Configuration.csproj", "{30EBAD39-B213-41EF-871D-00250A742A69}"
EndProject
Project("{FAE04EC0-301F-11D3-BF4B-00C04F79EFBC}") = "Common", "Common\Common.csproj", "{26C2EEF4-ABD6-4DE7-8058-3CFD4515E85C}"
EndProject
Project("{2150E333-8FDC-42A3-9474-1A3956D46DE8}") = "3.0-Core", "3.0-Core", "{94D343CB-DE96-41D1-8438-F0764A927211}"
EndProject
Project("{2150E333-8FDC-42A3-9474-1A3956D46DE8}") = "3.1-Streaming", "3.1-Streaming", "{858265B4-9C28-4000-ACB4-286D917A4E59}"
EndProject
Project("{2150E333-8FDC-42A3-9474-1A3956D46DE8}") = "3.2-Endpoint", "3.2-Endpoint", "{B6EC8993-8195-46F4-AE3A-0E29F281A70A}"
EndProject
Project("{2150E333-8FDC-42A3-9474-1A3956D46DE8}") = "3.3-Queue", "3.3-Queue", "{C5254761-5D17-4EFF-B148-0BDFD97DC26E}"
EndProject
Project("{2150E333-8FDC-42A3-9474-1A3956D46DE8}") = "2.1-HistoricalPricing", "2.1-HistoricalPricing", "{6304953F-50B4-4D50-868B-E735C330B113}"
EndProject
Project("{2150E333-8FDC-42A3-9474-1A3956D46DE8}") = "2.2-Pricing", "2.2-Pricing", "{6386AD98-6C67-40D4-8ACF-2EE0CE6BEBBB}"
EndProject
Project("{2150E333-8FDC-42A3-9474-1A3956D46DE8}") = "2.3-News", "2.3-News", "{74C12FAE-443A-4140-B654-0E7B2E413345}"
EndProject
Project("{2150E333-8FDC-42A3-9474-1A3956D46DE8}") = "2.4-ESG", "2.4-ESG", "{E72679B4-A984-411A-9DE0-CFC6E122201F}"
EndProject
Project("{2150E333-8FDC-42A3-9474-1A3956D46DE8}") = "2.5-Symbology", "2.5-Symbology", "{35C1A5BA-947F-4626-A7D0-663AF65BB6B4}"
EndProject
Project("{2150E333-8FDC-42A3-9474-1A3956D46DE8}") = "2.6-Search", "2.6-Search", "{488804C4-8497-4FE5-A2D3-47BA6B4706D2}"
EndProject
Project("{FAE04EC0-301F-11D3-BF4B-00C04F79EFBC}") = "3.0.01-Core-LogAPI", "3. Delivery\3.0-Core\3.0.01-Core-LogAPI\3.0.01-Core-LogAPI.csproj", "{DBCAC7CD-35D1-4BB6-B313-5E65EB4C25C9}"
EndProject
Project("{FAE04EC0-301F-11D3-BF4B-00C04F79EFBC}") = "3.0.02-Core-LogConfig", "3. Delivery\3.0-Core\3.0.02-Core-LogConfig\3.0.02-Core-LogConfig.csproj", "{605FE63F-22C3-432D-A998-DE9A738E97CA}"
EndProject
Project("{FAE04EC0-301F-11D3-BF4B-00C04F79EFBC}") = "3.1.01-Streaming-MarketPrice", "3. Delivery\3.1-Streaming\3.1.01-Streaming-MarketPrice\3.1.01-Streaming-MarketPrice.csproj", "{916494DE-36CC-42C8-B4D0-76B18870BE67}"
EndProject
Project("{FAE04EC0-301F-11D3-BF4B-00C04F79EFBC}") = "3.1.02-Streaming-MarketByPrice", "3. Delivery\3.1-Streaming\3.1.02-Streaming-MarketByPrice\3.1.02-Streaming-MarketByPrice.csproj", "{F77D2B21-63F5-4B2B-8237-BF2C7BF018F4}"
EndProject
Project("{FAE04EC0-301F-11D3-BF4B-00C04F79EFBC}") = "3.1.03-Streaming-Collection", "3. Delivery\3.1-Streaming\3.1.03-Streaming-Collection\3.1.03-Streaming-Collection.csproj", "{1DFA3932-E52A-4533-BFA0-89F4CC83E3B9}"
EndProject
Project("{FAE04EC0-301F-11D3-BF4B-00C04F79EFBC}") = "3.2.01-Endpoint-HistoricalPricing", "3. Delivery\3.2-Endpoint\3.2.01-Endpoint-HistoricalPricing\3.2.01-Endpoint-HistoricalPricing.csproj", "{1658EAE4-80D4-4927-9494-173330E394A9}"
EndProject
Project("{FAE04EC0-301F-11D3-BF4B-00C04F79EFBC}") = "3.2.02-Endpoint-News Headline and Story", "3. Delivery\3.2-Endpoint\3.2.02-Endpoing-News Headline and Story\3.2.02-Endpoint-News Headline and Story.csproj", "{A4641FEA-8A5D-4F3E-8105-D8A080F6CFC1}"
EndProject
Project("{FAE04EC0-301F-11D3-BF4B-00C04F79EFBC}") = "2.1.01-HistoricalPricing-Summaries", "2. Content\2.1-HistoricalPricing\2.1.01-HistoricalPricing-Summaries\2.1.01-HistoricalPricing-Summaries.csproj", "{4FB34976-97BA-4DD6-906B-ED32A802328A}"
EndProject
Project("{FAE04EC0-301F-11D3-BF4B-00C04F79EFBC}") = "2.1.02-HistoricalPricing-Events", "2. Content\2.1-HistoricalPricing\2.1.02-HistoricalPricing-Events\2.1.02-HistoricalPricing-Events.csproj", "{1068ABDC-AE73-481D-A72F-9DA2ECC009DD}"
EndProject
Project("{FAE04EC0-301F-11D3-BF4B-00C04F79EFBC}") = "2.2.01-Pricing-Snapshot", "2. Content\2.2-Pricing\2.2.01-Pricing-Snapshot\2.2.01-Pricing-Snapshot.csproj", "{F063D8E9-20D2-49C4-B786-56A1A55C8228}"
EndProject
Project("{FAE04EC0-301F-11D3-BF4B-00C04F79EFBC}") = "2.2.02-Pricing-StreamingCache", "2. Content\2.2-Pricing\2.2.02-Pricing-StreamingCache\2.2.02-Pricing-StreamingCache.csproj", "{9E470C4A-4215-4FAE-8D7C-0ED7D1672435}"
EndProject
Project("{FAE04EC0-301F-11D3-BF4B-00C04F79EFBC}") = "2.2.03-Pricing-StreamingEvents", "2. Content\2.2-Pricing\2.2.03-Pricing-StreamingEvents\2.2.03-Pricing-StreamingEvents.csproj", "{7A19AAED-94EF-4C6F-90D7-137AE1CD38EF}"
EndProject
Project("{FAE04EC0-301F-11D3-BF4B-00C04F79EFBC}") = "2.2.04-Pricing-StreamingAddRemove", "2. Content\2.2-Pricing\2.2.04-Pricing-StreamingAddRemove\2.2.04-Pricing-StreamingAddRemove.csproj", "{F69F7FBB-D60C-4449-8525-6145C5E05307}"
EndProject
Project("{FAE04EC0-301F-11D3-BF4B-00C04F79EFBC}") = "2.3.01-News-HeadlinesByCount", "2. Content\2.3-News\2.3.01-News-HeadlinesByCount\2.3.01-News-HeadlinesByCount.csproj", "{5BB7F1AE-8051-4E0B-9682-856F2FE317BF}"
EndProject
Project("{FAE04EC0-301F-11D3-BF4B-00C04F79EFBC}") = "2.3.02-News-HeadlinesByDate", "2. Content\2.3-News\2.3.02-News-HeadlinesByDate\2.3.02-News-HeadlinesByDate.csproj", "{862B461B-AFFF-45D6-BCB6-52B84A3CCC37}"
EndProject
Project("{FAE04EC0-301F-11D3-BF4B-00C04F79EFBC}") = "2.3.03-News-Story", "2. Content\2.3-News\2.3.03-News-Story\2.3.03-News-Story.csproj", "{AEBFAC5E-2DDA-49F8-BB74-4570C9306D33}"
EndProject
Project("{FAE04EC0-301F-11D3-BF4B-00C04F79EFBC}") = "2.4.01-ESG-Universe", "2. Content\2.4-ESG\2.4.01-ESG-Universe\2.4.01-ESG-Universe.csproj", "{DCBE7BDE-B53B-4E1F-800D-2CAE3F697AA8}"
EndProject
Project("{FAE04EC0-301F-11D3-BF4B-00C04F79EFBC}") = "2.4.02-ESG-Measures", "2. Content\2.4-ESG\2.4.02-ESG-Measures\2.4.02-ESG-Measures.csproj", "{F3703C5F-485E-4EA9-A276-75C899D7D176}"
EndProject
Project("{FAE04EC0-301F-11D3-BF4B-00C04F79EFBC}") = "3.0.03-Core-WebSocket", "3. Delivery\3.0-Core\3.0.03-Core-WebSocket\3.0.03-Core-WebSocket.csproj", "{90E43327-DCDA-4E46-8185-B71240B436D2}"
EndProject
Project("{FAE04EC0-301F-11D3-BF4B-00C04F79EFBC}") = "2.2.05-Pricing-SnapshotChain", "2. Content\2.2-Pricing\2.2.05-Pricing-SnapshotChain\2.2.05-Pricing-SnapshotChain.csproj", "{DAE90829-9509-4A0D-B75D-4856AC2B0855}"
EndProject
Project("{FAE04EC0-301F-11D3-BF4B-00C04F79EFBC}") = "2.2.06-Pricing-StreamingChain", "2. Content\2.2-Pricing\2.2.06-Pricing-StreamingChain\2.2.06-Pricing-StreamingChain.csproj", "{89AE83B3-5FDA-475F-8B97-D6B65179D126}"
EndProject
Project("{FAE04EC0-301F-11D3-BF4B-00C04F79EFBC}") = "3.3.01-Queue-NewsHeadlines", "3. Delivery\3.3-Queue\3.3.01-Queue-NewsHeadlines\3.3.01-Queue-NewsHeadlines.csproj", "{C07D72E6-399F-4228-9172-0F4F1EC1DB03}"
EndProject
Project("{FAE04EC0-301F-11D3-BF4B-00C04F79EFBC}") = "2.6.01-Search-SearchService", "2. Content\2.6-Search\2.6.01-Search-SearchService\2.6.01-Search-SearchService.csproj", "{279B9B2E-27AE-43D0-AB61-3452DB7941CD}"
EndProject
Project("{FAE04EC0-301F-11D3-BF4B-00C04F79EFBC}") = "3.3.02-Queue-NewsStories", "3. Delivery\3.3-Queue\3.3.02-Queue-NewsStories\3.3.02-Queue-NewsStories.csproj", "{CE414EFC-4825-4A94-BEAE-1284C4455250}"
EndProject
Project("{2150E333-8FDC-42A3-9474-1A3956D46DE8}") = "2.7-IPA", "2.7-IPA", "{3BCC88A6-1617-4A27-83DF-AA8BF7CB3009}"
EndProject
Project("{FAE04EC0-301F-11D3-BF4B-00C04F79EFBC}") = "3.3.03-Queue-Research", "3. Delivery\3.3-Queue\3.3.03-Queue-Research\3.3.03-Queue-Research.csproj", "{272AF114-A374-4EE9-A642-474BC2E57468}"
EndProject
Project("{FAE04EC0-301F-11D3-BF4B-00C04F79EFBC}") = "2.7.01-IPA-Bond", "2. Content\2.7-IPA\2.7.01-IPA-Bond\2.7.01-IPA-Bond.csproj", "{3A05A18C-07E7-470B-8237-4D3694A4655F}"
EndProject
Project("{FAE04EC0-301F-11D3-BF4B-00C04F79EFBC}") = "2.7.02-IPA-Option", "2. Content\2.7-IPA\2.7.02-IPA-Option\2.7.02-IPA-Option.csproj", "{BD94403F-2C66-4B2A-A944-7635BFB05AF8}"
EndProject
Project("{FAE04EC0-301F-11D3-BF4B-00C04F79EFBC}") = "2.7.20-IPA-FinancialContracts", "2. Content\2.7-IPA\2.7.20-IPA-FinancialContracts\2.7.20-IPA-FinancialContracts.csproj", "{8B77AE23-6BA9-4DF1-B586-C1F04295C78A}"
EndProject
Project("{FAE04EC0-301F-11D3-BF4B-00C04F79EFBC}") = "2.5.01-Symbology-Convert", "2. Content\2.5-Symbology\2.5.01-Symbology-Convert\2.5.01-Symbology-Convert.csproj", "{CFD7F791-72D8-437A-8B9A-72F206A46F4B}"
EndProject
Project("{FAE04EC0-301F-11D3-BF4B-00C04F79EFBC}") = "2.3.04-News-OnlineReports", "2. Content\2.3-News\2.3.04-News-OnlineReports\2.3.04-News-OnlineReports.csproj", "{C3552573-665A-4B27-B43D-4B3EB772F36F}"
EndProject
Project("{FAE04EC0-301F-11D3-BF4B-00C04F79EFBC}") = "2.3.05-News-Image", "2. Content\2.3-News\2.3.05-News-Image\2.3.05-News-Image.csproj", "{D25A93B0-0638-4663-B9FF-463F837EFC9D}"
EndProject
Project("{FAE04EC0-301F-11D3-BF4B-00C04F79EFBC}") = "2.3.06-News-MRN", "2. Content\2.3-News\2.3.06-News-MRN\2.3.06-News-MRN.csproj", "{657F2B3B-F143-43AF-AC67-2BA04704C0DD}"
EndProject
Project("{FAE04EC0-301F-11D3-BF4B-00C04F79EFBC}") = "3.2.03-Endpoint-Symbology", "3. Delivery\3.2-Endpoint\3.2.03-Endpoint-Symbology\3.2.03-Endpoint-Symbology.csproj", "{ED0DA5AC-1E8F-42A4-9F01-7F7491E6F4EB}"
EndProject
Project("{FAE04EC0-301F-11D3-BF4B-00C04F79EFBC}") = "3.2.04-Endpoint-DataGrid", "3. Delivery\3.2-Endpoint\3.2.04-Endpoint-DataGrid\3.2.04-Endpoint-DataGrid.csproj", "{54DBEBC4-4AFB-403D-AC5C-1BC8B3CCE213}"
EndProject
Project("{FAE04EC0-301F-11D3-BF4B-00C04F79EFBC}") = "3.2.05-Endpoint-IPAOption", "3. Delivery\3.2-Endpoint\3.2.05-Endpoint-IPAOption\3.2.05-Endpoint-IPAOption.csproj", "{92A76EB5-8C86-47D3-A854-11C89FDAC444}"
EndProject
Global
	GlobalSection(SolutionConfigurationPlatforms) = preSolution
		Debug|x64 = Debug|x64
		Release|x64 = Release|x64
	EndGlobalSection
	GlobalSection(ProjectConfigurationPlatforms) = postSolution
		{30EBAD39-B213-41EF-871D-00250A742A69}.Debug|x64.ActiveCfg = Debug|x64
		{30EBAD39-B213-41EF-871D-00250A742A69}.Debug|x64.Build.0 = Debug|x64
		{30EBAD39-B213-41EF-871D-00250A742A69}.Release|x64.ActiveCfg = Release|x64
		{30EBAD39-B213-41EF-871D-00250A742A69}.Release|x64.Build.0 = Release|x64
		{26C2EEF4-ABD6-4DE7-8058-3CFD4515E85C}.Debug|x64.ActiveCfg = Debug|x64
		{26C2EEF4-ABD6-4DE7-8058-3CFD4515E85C}.Debug|x64.Build.0 = Debug|x64
		{26C2EEF4-ABD6-4DE7-8058-3CFD4515E85C}.Release|x64.ActiveCfg = Release|x64
		{26C2EEF4-ABD6-4DE7-8058-3CFD4515E85C}.Release|x64.Build.0 = Release|x64
		{DBCAC7CD-35D1-4BB6-B313-5E65EB4C25C9}.Debug|x64.ActiveCfg = Debug|x64
		{DBCAC7CD-35D1-4BB6-B313-5E65EB4C25C9}.Debug|x64.Build.0 = Debug|x64
		{DBCAC7CD-35D1-4BB6-B313-5E65EB4C25C9}.Release|x64.ActiveCfg = Release|x64
		{DBCAC7CD-35D1-4BB6-B313-5E65EB4C25C9}.Release|x64.Build.0 = Release|x64
		{605FE63F-22C3-432D-A998-DE9A738E97CA}.Debug|x64.ActiveCfg = Debug|x64
		{605FE63F-22C3-432D-A998-DE9A738E97CA}.Debug|x64.Build.0 = Debug|x64
		{605FE63F-22C3-432D-A998-DE9A738E97CA}.Release|x64.ActiveCfg = Release|x64
		{605FE63F-22C3-432D-A998-DE9A738E97CA}.Release|x64.Build.0 = Release|x64
		{916494DE-36CC-42C8-B4D0-76B18870BE67}.Debug|x64.ActiveCfg = Debug|x64
		{916494DE-36CC-42C8-B4D0-76B18870BE67}.Debug|x64.Build.0 = Debug|x64
		{916494DE-36CC-42C8-B4D0-76B18870BE67}.Release|x64.ActiveCfg = Release|x64
		{916494DE-36CC-42C8-B4D0-76B18870BE67}.Release|x64.Build.0 = Release|x64
		{F77D2B21-63F5-4B2B-8237-BF2C7BF018F4}.Debug|x64.ActiveCfg = Debug|x64
		{F77D2B21-63F5-4B2B-8237-BF2C7BF018F4}.Debug|x64.Build.0 = Debug|x64
		{F77D2B21-63F5-4B2B-8237-BF2C7BF018F4}.Release|x64.ActiveCfg = Release|x64
		{F77D2B21-63F5-4B2B-8237-BF2C7BF018F4}.Release|x64.Build.0 = Release|x64
		{1DFA3932-E52A-4533-BFA0-89F4CC83E3B9}.Debug|x64.ActiveCfg = Debug|x64
		{1DFA3932-E52A-4533-BFA0-89F4CC83E3B9}.Debug|x64.Build.0 = Debug|x64
		{1DFA3932-E52A-4533-BFA0-89F4CC83E3B9}.Release|x64.ActiveCfg = Release|x64
		{1DFA3932-E52A-4533-BFA0-89F4CC83E3B9}.Release|x64.Build.0 = Release|x64
		{1658EAE4-80D4-4927-9494-173330E394A9}.Debug|x64.ActiveCfg = Debug|x64
		{1658EAE4-80D4-4927-9494-173330E394A9}.Debug|x64.Build.0 = Debug|x64
		{1658EAE4-80D4-4927-9494-173330E394A9}.Release|x64.ActiveCfg = Release|x64
		{1658EAE4-80D4-4927-9494-173330E394A9}.Release|x64.Build.0 = Release|x64
		{A4641FEA-8A5D-4F3E-8105-D8A080F6CFC1}.Debug|x64.ActiveCfg = Debug|x64
		{A4641FEA-8A5D-4F3E-8105-D8A080F6CFC1}.Debug|x64.Build.0 = Debug|x64
		{A4641FEA-8A5D-4F3E-8105-D8A080F6CFC1}.Release|x64.ActiveCfg = Release|x64
		{A4641FEA-8A5D-4F3E-8105-D8A080F6CFC1}.Release|x64.Build.0 = Release|x64
		{4FB34976-97BA-4DD6-906B-ED32A802328A}.Debug|x64.ActiveCfg = Debug|x64
		{4FB34976-97BA-4DD6-906B-ED32A802328A}.Debug|x64.Build.0 = Debug|x64
		{4FB34976-97BA-4DD6-906B-ED32A802328A}.Release|x64.ActiveCfg = Release|x64
		{4FB34976-97BA-4DD6-906B-ED32A802328A}.Release|x64.Build.0 = Release|x64
		{1068ABDC-AE73-481D-A72F-9DA2ECC009DD}.Debug|x64.ActiveCfg = Debug|x64
		{1068ABDC-AE73-481D-A72F-9DA2ECC009DD}.Debug|x64.Build.0 = Debug|x64
		{1068ABDC-AE73-481D-A72F-9DA2ECC009DD}.Release|x64.ActiveCfg = Release|x64
		{1068ABDC-AE73-481D-A72F-9DA2ECC009DD}.Release|x64.Build.0 = Release|x64
		{F063D8E9-20D2-49C4-B786-56A1A55C8228}.Debug|x64.ActiveCfg = Debug|x64
		{F063D8E9-20D2-49C4-B786-56A1A55C8228}.Debug|x64.Build.0 = Debug|x64
		{F063D8E9-20D2-49C4-B786-56A1A55C8228}.Release|x64.ActiveCfg = Release|x64
		{F063D8E9-20D2-49C4-B786-56A1A55C8228}.Release|x64.Build.0 = Release|x64
		{9E470C4A-4215-4FAE-8D7C-0ED7D1672435}.Debug|x64.ActiveCfg = Debug|x64
		{9E470C4A-4215-4FAE-8D7C-0ED7D1672435}.Debug|x64.Build.0 = Debug|x64
		{9E470C4A-4215-4FAE-8D7C-0ED7D1672435}.Release|x64.ActiveCfg = Release|x64
		{9E470C4A-4215-4FAE-8D7C-0ED7D1672435}.Release|x64.Build.0 = Release|x64
		{7A19AAED-94EF-4C6F-90D7-137AE1CD38EF}.Debug|x64.ActiveCfg = Debug|x64
		{7A19AAED-94EF-4C6F-90D7-137AE1CD38EF}.Debug|x64.Build.0 = Debug|x64
		{7A19AAED-94EF-4C6F-90D7-137AE1CD38EF}.Release|x64.ActiveCfg = Release|x64
		{7A19AAED-94EF-4C6F-90D7-137AE1CD38EF}.Release|x64.Build.0 = Release|x64
		{F69F7FBB-D60C-4449-8525-6145C5E05307}.Debug|x64.ActiveCfg = Debug|x64
		{F69F7FBB-D60C-4449-8525-6145C5E05307}.Debug|x64.Build.0 = Debug|x64
		{F69F7FBB-D60C-4449-8525-6145C5E05307}.Release|x64.ActiveCfg = Release|x64
		{F69F7FBB-D60C-4449-8525-6145C5E05307}.Release|x64.Build.0 = Release|x64
		{5BB7F1AE-8051-4E0B-9682-856F2FE317BF}.Debug|x64.ActiveCfg = Debug|x64
		{5BB7F1AE-8051-4E0B-9682-856F2FE317BF}.Debug|x64.Build.0 = Debug|x64
		{5BB7F1AE-8051-4E0B-9682-856F2FE317BF}.Release|x64.ActiveCfg = Release|x64
		{5BB7F1AE-8051-4E0B-9682-856F2FE317BF}.Release|x64.Build.0 = Release|x64
		{862B461B-AFFF-45D6-BCB6-52B84A3CCC37}.Debug|x64.ActiveCfg = Debug|x64
		{862B461B-AFFF-45D6-BCB6-52B84A3CCC37}.Debug|x64.Build.0 = Debug|x64
		{862B461B-AFFF-45D6-BCB6-52B84A3CCC37}.Release|x64.ActiveCfg = Release|x64
		{862B461B-AFFF-45D6-BCB6-52B84A3CCC37}.Release|x64.Build.0 = Release|x64
		{AEBFAC5E-2DDA-49F8-BB74-4570C9306D33}.Debug|x64.ActiveCfg = Debug|x64
		{AEBFAC5E-2DDA-49F8-BB74-4570C9306D33}.Debug|x64.Build.0 = Debug|x64
		{AEBFAC5E-2DDA-49F8-BB74-4570C9306D33}.Release|x64.ActiveCfg = Release|x64
		{AEBFAC5E-2DDA-49F8-BB74-4570C9306D33}.Release|x64.Build.0 = Release|x64
		{DCBE7BDE-B53B-4E1F-800D-2CAE3F697AA8}.Debug|x64.ActiveCfg = Debug|x64
		{DCBE7BDE-B53B-4E1F-800D-2CAE3F697AA8}.Debug|x64.Build.0 = Debug|x64
		{DCBE7BDE-B53B-4E1F-800D-2CAE3F697AA8}.Release|x64.ActiveCfg = Release|x64
		{DCBE7BDE-B53B-4E1F-800D-2CAE3F697AA8}.Release|x64.Build.0 = Release|x64
		{F3703C5F-485E-4EA9-A276-75C899D7D176}.Debug|x64.ActiveCfg = Debug|x64
		{F3703C5F-485E-4EA9-A276-75C899D7D176}.Debug|x64.Build.0 = Debug|x64
		{F3703C5F-485E-4EA9-A276-75C899D7D176}.Release|x64.ActiveCfg = Release|x64
		{F3703C5F-485E-4EA9-A276-75C899D7D176}.Release|x64.Build.0 = Release|x64
		{90E43327-DCDA-4E46-8185-B71240B436D2}.Debug|x64.ActiveCfg = Debug|x64
		{90E43327-DCDA-4E46-8185-B71240B436D2}.Debug|x64.Build.0 = Debug|x64
		{90E43327-DCDA-4E46-8185-B71240B436D2}.Release|x64.ActiveCfg = Release|x64
		{90E43327-DCDA-4E46-8185-B71240B436D2}.Release|x64.Build.0 = Release|x64
		{DAE90829-9509-4A0D-B75D-4856AC2B0855}.Debug|x64.ActiveCfg = Debug|x64
		{DAE90829-9509-4A0D-B75D-4856AC2B0855}.Debug|x64.Build.0 = Debug|x64
		{DAE90829-9509-4A0D-B75D-4856AC2B0855}.Release|x64.ActiveCfg = Release|x64
		{DAE90829-9509-4A0D-B75D-4856AC2B0855}.Release|x64.Build.0 = Release|x64
		{89AE83B3-5FDA-475F-8B97-D6B65179D126}.Debug|x64.ActiveCfg = Debug|x64
		{89AE83B3-5FDA-475F-8B97-D6B65179D126}.Debug|x64.Build.0 = Debug|x64
		{89AE83B3-5FDA-475F-8B97-D6B65179D126}.Release|x64.ActiveCfg = Release|x64
		{89AE83B3-5FDA-475F-8B97-D6B65179D126}.Release|x64.Build.0 = Release|x64
		{C07D72E6-399F-4228-9172-0F4F1EC1DB03}.Debug|x64.ActiveCfg = Debug|x64
		{C07D72E6-399F-4228-9172-0F4F1EC1DB03}.Debug|x64.Build.0 = Debug|x64
		{C07D72E6-399F-4228-9172-0F4F1EC1DB03}.Release|x64.ActiveCfg = Release|x64
		{C07D72E6-399F-4228-9172-0F4F1EC1DB03}.Release|x64.Build.0 = Release|x64
		{279B9B2E-27AE-43D0-AB61-3452DB7941CD}.Debug|x64.ActiveCfg = Debug|x64
		{279B9B2E-27AE-43D0-AB61-3452DB7941CD}.Debug|x64.Build.0 = Debug|x64
		{279B9B2E-27AE-43D0-AB61-3452DB7941CD}.Release|x64.ActiveCfg = Release|x64
		{279B9B2E-27AE-43D0-AB61-3452DB7941CD}.Release|x64.Build.0 = Release|x64
		{CE414EFC-4825-4A94-BEAE-1284C4455250}.Debug|x64.ActiveCfg = Debug|x64
		{CE414EFC-4825-4A94-BEAE-1284C4455250}.Debug|x64.Build.0 = Debug|x64
		{CE414EFC-4825-4A94-BEAE-1284C4455250}.Release|x64.ActiveCfg = Release|x64
		{CE414EFC-4825-4A94-BEAE-1284C4455250}.Release|x64.Build.0 = Release|x64
		{272AF114-A374-4EE9-A642-474BC2E57468}.Debug|x64.ActiveCfg = Debug|x64
		{272AF114-A374-4EE9-A642-474BC2E57468}.Debug|x64.Build.0 = Debug|x64
		{272AF114-A374-4EE9-A642-474BC2E57468}.Release|x64.ActiveCfg = Release|x64
		{272AF114-A374-4EE9-A642-474BC2E57468}.Release|x64.Build.0 = Release|x64
		{3A05A18C-07E7-470B-8237-4D3694A4655F}.Debug|x64.ActiveCfg = Debug|x64
		{3A05A18C-07E7-470B-8237-4D3694A4655F}.Debug|x64.Build.0 = Debug|x64
		{3A05A18C-07E7-470B-8237-4D3694A4655F}.Release|x64.ActiveCfg = Release|x64
		{3A05A18C-07E7-470B-8237-4D3694A4655F}.Release|x64.Build.0 = Release|x64
		{BD94403F-2C66-4B2A-A944-7635BFB05AF8}.Debug|x64.ActiveCfg = Debug|x64
		{BD94403F-2C66-4B2A-A944-7635BFB05AF8}.Debug|x64.Build.0 = Debug|x64
		{BD94403F-2C66-4B2A-A944-7635BFB05AF8}.Release|x64.ActiveCfg = Release|x64
		{BD94403F-2C66-4B2A-A944-7635BFB05AF8}.Release|x64.Build.0 = Release|x64
		{8B77AE23-6BA9-4DF1-B586-C1F04295C78A}.Debug|x64.ActiveCfg = Debug|x64
		{8B77AE23-6BA9-4DF1-B586-C1F04295C78A}.Debug|x64.Build.0 = Debug|x64
		{8B77AE23-6BA9-4DF1-B586-C1F04295C78A}.Release|x64.ActiveCfg = Release|x64
		{8B77AE23-6BA9-4DF1-B586-C1F04295C78A}.Release|x64.Build.0 = Release|x64
		{CFD7F791-72D8-437A-8B9A-72F206A46F4B}.Debug|x64.ActiveCfg = Debug|x64
		{CFD7F791-72D8-437A-8B9A-72F206A46F4B}.Debug|x64.Build.0 = Debug|x64
		{CFD7F791-72D8-437A-8B9A-72F206A46F4B}.Release|x64.ActiveCfg = Release|x64
		{CFD7F791-72D8-437A-8B9A-72F206A46F4B}.Release|x64.Build.0 = Release|x64
		{C3552573-665A-4B27-B43D-4B3EB772F36F}.Debug|x64.ActiveCfg = Debug|x64
		{C3552573-665A-4B27-B43D-4B3EB772F36F}.Debug|x64.Build.0 = Debug|x64
		{C3552573-665A-4B27-B43D-4B3EB772F36F}.Release|x64.ActiveCfg = Release|x64
		{C3552573-665A-4B27-B43D-4B3EB772F36F}.Release|x64.Build.0 = Release|x64
		{D25A93B0-0638-4663-B9FF-463F837EFC9D}.Debug|x64.ActiveCfg = Debug|x64
		{D25A93B0-0638-4663-B9FF-463F837EFC9D}.Debug|x64.Build.0 = Debug|x64
		{D25A93B0-0638-4663-B9FF-463F837EFC9D}.Release|x64.ActiveCfg = Release|x64
		{D25A93B0-0638-4663-B9FF-463F837EFC9D}.Release|x64.Build.0 = Release|x64
		{657F2B3B-F143-43AF-AC67-2BA04704C0DD}.Debug|x64.ActiveCfg = Debug|x64
		{657F2B3B-F143-43AF-AC67-2BA04704C0DD}.Debug|x64.Build.0 = Debug|x64
		{657F2B3B-F143-43AF-AC67-2BA04704C0DD}.Release|x64.ActiveCfg = Release|x64
		{657F2B3B-F143-43AF-AC67-2BA04704C0DD}.Release|x64.Build.0 = Release|x64
		{ED0DA5AC-1E8F-42A4-9F01-7F7491E6F4EB}.Debug|x64.ActiveCfg = Debug|x64
		{ED0DA5AC-1E8F-42A4-9F01-7F7491E6F4EB}.Debug|x64.Build.0 = Debug|x64
		{ED0DA5AC-1E8F-42A4-9F01-7F7491E6F4EB}.Release|x64.ActiveCfg = Release|x64
		{ED0DA5AC-1E8F-42A4-9F01-7F7491E6F4EB}.Release|x64.Build.0 = Release|x64
		{54DBEBC4-4AFB-403D-AC5C-1BC8B3CCE213}.Debug|x64.ActiveCfg = Debug|x64
		{54DBEBC4-4AFB-403D-AC5C-1BC8B3CCE213}.Debug|x64.Build.0 = Debug|x64
		{54DBEBC4-4AFB-403D-AC5C-1BC8B3CCE213}.Release|x64.ActiveCfg = Release|x64
		{54DBEBC4-4AFB-403D-AC5C-1BC8B3CCE213}.Release|x64.Build.0 = Release|x64
		{92A76EB5-8C86-47D3-A854-11C89FDAC444}.Debug|x64.ActiveCfg = Debug|x64
		{92A76EB5-8C86-47D3-A854-11C89FDAC444}.Debug|x64.Build.0 = Debug|x64
		{92A76EB5-8C86-47D3-A854-11C89FDAC444}.Release|x64.ActiveCfg = Release|x64
		{92A76EB5-8C86-47D3-A854-11C89FDAC444}.Release|x64.Build.0 = Release|x64
	EndGlobalSection
	GlobalSection(SolutionProperties) = preSolution
		HideSolutionNode = FALSE
	EndGlobalSection
	GlobalSection(NestedProjects) = preSolution
		{30EBAD39-B213-41EF-871D-00250A742A69} = {95BAD5E5-2EEF-4E1D-92DB-FFCA642AAE6F}
		{26C2EEF4-ABD6-4DE7-8058-3CFD4515E85C} = {95BAD5E5-2EEF-4E1D-92DB-FFCA642AAE6F}
		{94D343CB-DE96-41D1-8438-F0764A927211} = {A54E996F-5876-4595-8E8F-19B64016C2C5}
		{858265B4-9C28-4000-ACB4-286D917A4E59} = {A54E996F-5876-4595-8E8F-19B64016C2C5}
		{B6EC8993-8195-46F4-AE3A-0E29F281A70A} = {A54E996F-5876-4595-8E8F-19B64016C2C5}
		{C5254761-5D17-4EFF-B148-0BDFD97DC26E} = {A54E996F-5876-4595-8E8F-19B64016C2C5}
		{6304953F-50B4-4D50-868B-E735C330B113} = {6212E19F-2D94-4EE5-9AEF-DACDBB738259}
		{6386AD98-6C67-40D4-8ACF-2EE0CE6BEBBB} = {6212E19F-2D94-4EE5-9AEF-DACDBB738259}
		{74C12FAE-443A-4140-B654-0E7B2E413345} = {6212E19F-2D94-4EE5-9AEF-DACDBB738259}
		{E72679B4-A984-411A-9DE0-CFC6E122201F} = {6212E19F-2D94-4EE5-9AEF-DACDBB738259}
		{35C1A5BA-947F-4626-A7D0-663AF65BB6B4} = {6212E19F-2D94-4EE5-9AEF-DACDBB738259}
		{488804C4-8497-4FE5-A2D3-47BA6B4706D2} = {6212E19F-2D94-4EE5-9AEF-DACDBB738259}
		{DBCAC7CD-35D1-4BB6-B313-5E65EB4C25C9} = {94D343CB-DE96-41D1-8438-F0764A927211}
		{605FE63F-22C3-432D-A998-DE9A738E97CA} = {94D343CB-DE96-41D1-8438-F0764A927211}
		{916494DE-36CC-42C8-B4D0-76B18870BE67} = {858265B4-9C28-4000-ACB4-286D917A4E59}
		{F77D2B21-63F5-4B2B-8237-BF2C7BF018F4} = {858265B4-9C28-4000-ACB4-286D917A4E59}
		{1DFA3932-E52A-4533-BFA0-89F4CC83E3B9} = {858265B4-9C28-4000-ACB4-286D917A4E59}
		{1658EAE4-80D4-4927-9494-173330E394A9} = {B6EC8993-8195-46F4-AE3A-0E29F281A70A}
		{A4641FEA-8A5D-4F3E-8105-D8A080F6CFC1} = {B6EC8993-8195-46F4-AE3A-0E29F281A70A}
		{4FB34976-97BA-4DD6-906B-ED32A802328A} = {6304953F-50B4-4D50-868B-E735C330B113}
		{1068ABDC-AE73-481D-A72F-9DA2ECC009DD} = {6304953F-50B4-4D50-868B-E735C330B113}
		{F063D8E9-20D2-49C4-B786-56A1A55C8228} = {6386AD98-6C67-40D4-8ACF-2EE0CE6BEBBB}
		{9E470C4A-4215-4FAE-8D7C-0ED7D1672435} = {6386AD98-6C67-40D4-8ACF-2EE0CE6BEBBB}
		{7A19AAED-94EF-4C6F-90D7-137AE1CD38EF} = {6386AD98-6C67-40D4-8ACF-2EE0CE6BEBBB}
		{F69F7FBB-D60C-4449-8525-6145C5E05307} = {6386AD98-6C67-40D4-8ACF-2EE0CE6BEBBB}
		{5BB7F1AE-8051-4E0B-9682-856F2FE317BF} = {74C12FAE-443A-4140-B654-0E7B2E413345}
		{862B461B-AFFF-45D6-BCB6-52B84A3CCC37} = {74C12FAE-443A-4140-B654-0E7B2E413345}
		{AEBFAC5E-2DDA-49F8-BB74-4570C9306D33} = {74C12FAE-443A-4140-B654-0E7B2E413345}
		{DCBE7BDE-B53B-4E1F-800D-2CAE3F697AA8} = {E72679B4-A984-411A-9DE0-CFC6E122201F}
		{F3703C5F-485E-4EA9-A276-75C899D7D176} = {E72679B4-A984-411A-9DE0-CFC6E122201F}
		{90E43327-DCDA-4E46-8185-B71240B436D2} = {94D343CB-DE96-41D1-8438-F0764A927211}
		{DAE90829-9509-4A0D-B75D-4856AC2B0855} = {6386AD98-6C67-40D4-8ACF-2EE0CE6BEBBB}
		{89AE83B3-5FDA-475F-8B97-D6B65179D126} = {6386AD98-6C67-40D4-8ACF-2EE0CE6BEBBB}
		{C07D72E6-399F-4228-9172-0F4F1EC1DB03} = {C5254761-5D17-4EFF-B148-0BDFD97DC26E}
		{279B9B2E-27AE-43D0-AB61-3452DB7941CD} = {488804C4-8497-4FE5-A2D3-47BA6B4706D2}
		{CE414EFC-4825-4A94-BEAE-1284C4455250} = {C5254761-5D17-4EFF-B148-0BDFD97DC26E}
		{3BCC88A6-1617-4A27-83DF-AA8BF7CB3009} = {6212E19F-2D94-4EE5-9AEF-DACDBB738259}
		{272AF114-A374-4EE9-A642-474BC2E57468} = {C5254761-5D17-4EFF-B148-0BDFD97DC26E}
		{3A05A18C-07E7-470B-8237-4D3694A4655F} = {3BCC88A6-1617-4A27-83DF-AA8BF7CB3009}
		{BD94403F-2C66-4B2A-A944-7635BFB05AF8} = {3BCC88A6-1617-4A27-83DF-AA8BF7CB3009}
		{8B77AE23-6BA9-4DF1-B586-C1F04295C78A} = {3BCC88A6-1617-4A27-83DF-AA8BF7CB3009}
		{CFD7F791-72D8-437A-8B9A-72F206A46F4B} = {35C1A5BA-947F-4626-A7D0-663AF65BB6B4}
		{C3552573-665A-4B27-B43D-4B3EB772F36F} = {74C12FAE-443A-4140-B654-0E7B2E413345}
		{D25A93B0-0638-4663-B9FF-463F837EFC9D} = {74C12FAE-443A-4140-B654-0E7B2E413345}
		{657F2B3B-F143-43AF-AC67-2BA04704C0DD} = {74C12FAE-443A-4140-B654-0E7B2E413345}
		{ED0DA5AC-1E8F-42A4-9F01-7F7491E6F4EB} = {B6EC8993-8195-46F4-AE3A-0E29F281A70A}
		{54DBEBC4-4AFB-403D-AC5C-1BC8B3CCE213} = {B6EC8993-8195-46F4-AE3A-0E29F281A70A}
		{92A76EB5-8C86-47D3-A854-11C89FDAC444} = {B6EC8993-8195-46F4-AE3A-0E29F281A70A}
	EndGlobalSection
	GlobalSection(ExtensibilityGlobals) = postSolution
		SolutionGuid = {342A7422-A957-456D-9132-D532B687969D}
	EndGlobalSection
EndGlobal
