
Microsoft Visual Studio Solution File, Format Version 12.00
# Visual Studio 2013
VisualStudioVersion = 12.0.40629.0
MinimumVisualStudioVersion = 10.0.40219.1
Project("{2150E333-8FDC-42A3-9474-1A3956D46DE8}") = ".Solution", ".Solution", "{95BAD5E5-2EEF-4E1D-92DB-FFCA642AAE6F}"
EndProject
Project("{2150E333-8FDC-42A3-9474-1A3956D46DE8}") = "1. Function", "1. Function", "{BB40B328-34FB-45E4-8204-A427DF0424AB}"
	ProjectSection(SolutionItems) = preProject
		1. Function\README = 1. Function\README
	EndProjectSection
EndProject
Project("{2150E333-8FDC-42A3-9474-1A3956D46DE8}") = "2. Content", "2. Content", "{6212E19F-2D94-4EE5-9AEF-DACDBB738259}"
EndProject
Project("{2150E333-8FDC-42A3-9474-1A3956D46DE8}") = "3. Delivery", "3. Delivery", "{A54E996F-5876-4595-8E8F-19B64016C2C5}"
EndProject
Project("{FAE04EC0-301F-11D3-BF4B-00C04F79EFBC}") = "2.1.0 - Pricing - Snapshot", "2. Content\2.1.0 - Pricing - Snapshot\2.1.0 - Pricing - Snapshot.csproj", "{B471C3C5-D3C8-4659-A8FF-34D23BCCC5C0}"
EndProject
Project("{FAE04EC0-301F-11D3-BF4B-00C04F79EFBC}") = "2.1.2 - Pricing - StreamingEvents", "2. Content\2.1.2 - Pricing - StreamingEvents\2.1.2 - Pricing - StreamingEvents.csproj", "{8DB10F5A-9C2A-4B08-BAF7-EA195E2BF2F3}"
EndProject
Project("{FAE04EC0-301F-11D3-BF4B-00C04F79EFBC}") = "3.0.0 - Endpoint - HistoricalPricing", "3. Delivery\3.0.0 - Endpoint - HistoricalPricing\3.0.0 - Endpoint - HistoricalPricing.csproj", "{1E09EE15-5C09-416B-B2F8-E5626E01B871}"
EndProject
Project("{FAE04EC0-301F-11D3-BF4B-00C04F79EFBC}") = "3.0.1 - Endpoint - News Headline and Story", "3. Delivery\3.0.1 - Endpoint - News Headline and Story\3.0.1 - Endpoint - News Headline and Story.csproj", "{918372E6-2892-4F64-9A4C-13CB5D1D88E2}"
EndProject
Project("{FAE04EC0-301F-11D3-BF4B-00C04F79EFBC}") = "3.1.0 - Streaming - MarketPrice", "3. Delivery\3.1.0 - Streaming - MarketPrice\3.1.0 - Streaming - MarketPrice.csproj", "{3C722E16-950E-4BDA-BF6D-F4F743F6EE08}"
EndProject
Project("{FAE04EC0-301F-11D3-BF4B-00C04F79EFBC}") = "3.1.1 - Streaming - MarketByPrice", "3. Delivery\3.1.1 - Streaming - MarketByPrice\3.1.1 - Streaming - MarketByPrice.csproj", "{CC48DD46-6B80-4A42-BA4E-07CC737778A2}"
EndProject
Project("{FAE04EC0-301F-11D3-BF4B-00C04F79EFBC}") = "3.2.0 - Alerts - Headlines", "3. Delivery\3.2.0 - Alerts - Headlines\3.2.0 - Alerts - Headlines.csproj", "{2D5C1DF7-C8DF-4620-BC7E-9458DBB3E932}"
EndProject
Project("{FAE04EC0-301F-11D3-BF4B-00C04F79EFBC}") = "2.0.0 - HistoricalPricing - Summaries", "2. Content\2.0.0 - HistoricalPricing - Summaries\2.0.0 - HistoricalPricing - Summaries.csproj", "{A0DA8DDB-1A14-440F-BE42-72077DCA99DF}"
EndProject
Project("{FAE04EC0-301F-11D3-BF4B-00C04F79EFBC}") = "Configuration", "Configuration\Configuration.csproj", "{30EBAD39-B213-41EF-871D-00250A742A69}"
EndProject
Project("{FAE04EC0-301F-11D3-BF4B-00C04F79EFBC}") = "2.0.1 - HistoricalPricing - Events", "2. Content\2.0.1 - HistoricalPricing - Events\2.0.1 - HistoricalPricing - Events.csproj", "{88EF261D-1528-44FE-866E-BFE6BF1C8712}"
EndProject
Project("{FAE04EC0-301F-11D3-BF4B-00C04F79EFBC}") = "3.1.2 - Streaming - Collection", "3. Delivery\3.1.2 - Streaming - Collection\3.1.2 - Streaming - Collection.csproj", "{602A1BE1-79A1-4CA1-AB9A-EB363BA4B330}"
EndProject
Project("{FAE04EC0-301F-11D3-BF4B-00C04F79EFBC}") = "2.1.1 - Pricing - StreamingCache", "2. Content\2.1.1 - Pricing - StreamingCache\2.1.1 - Pricing - StreamingCache.csproj", "{2AA66800-5E76-4285-B245-962E3ACAF2F8}"
EndProject
Project("{FAE04EC0-301F-11D3-BF4B-00C04F79EFBC}") = "2.2.0 - News - HeadlinesByCount", "2. Content\2.2.0 - News - HeadlinesByCount\2.2.0 - News - HeadlinesByCount.csproj", "{31A7A32E-6BFF-440F-A1C5-F2090D36DC06}"
EndProject
Project("{FAE04EC0-301F-11D3-BF4B-00C04F79EFBC}") = "2.2.1 - News - HeadlinesByDate", "2. Content\2.2.1 - News - HeadlinesByDate\2.2.1 - News - HeadlinesByDate.csproj", "{B2D72650-D798-4B09-A2D0-3FE7B88D0063}"
EndProject
Project("{FAE04EC0-301F-11D3-BF4B-00C04F79EFBC}") = "2.2.2 - News - Story", "2. Content\2.2.2 - News - Story\2.2.2 - News - Story.csproj", "{9D4A2683-B4EB-4D82-B07F-00A493C1F944}"
EndProject
Project("{FAE04EC0-301F-11D3-BF4B-00C04F79EFBC}") = "2.1.3 - Pricing - Streaming AddRemove", "2. Content\2.1.3 - Pricing - Streaming AddRemove\2.1.3 - Pricing - Streaming AddRemove.csproj", "{7402C1E5-B927-43C5-A80C-61CDC3B24794}"
EndProject
Project("{FAE04EC0-301F-11D3-BF4B-00C04F79EFBC}") = "Common", "Common\Common.csproj", "{26C2EEF4-ABD6-4DE7-8058-3CFD4515E85C}"
EndProject
Project("{FAE04EC0-301F-11D3-BF4B-00C04F79EFBC}") = "2.3.0 - ESG - Universe", "2. Content\2.3.0 - ESG - Universe\2.3.0 - ESG - Universe.csproj", "{DDCF5035-CA34-4E73-AD10-914D5C657E9F}"
EndProject
Project("{FAE04EC0-301F-11D3-BF4B-00C04F79EFBC}") = "2.3.1 - ESG - Measures", "2. Content\2.3.1 - ESG - Measures\2.3.1 - ESG - Measures.csproj", "{0CE294BA-19DA-41DD-957B-867DEB2372CB}"
EndProject
Project("{2150E333-8FDC-42A3-9474-1A3956D46DE8}") = "Logging", "Logging", "{E7F99624-CFEE-4574-9BBD-2F2D88ADA241}"
EndProject
Project("{FAE04EC0-301F-11D3-BF4B-00C04F79EFBC}") = "LogAPI", "Logging\LogAPI\LogAPI.csproj", "{83726985-8B56-4DE0-8ED5-A27C8908FD81}"
EndProject
Project("{FAE04EC0-301F-11D3-BF4B-00C04F79EFBC}") = "LogConfig", "Logging\LogConfig\LogConfig.csproj", "{C9B52BF1-826C-4B65-A765-E3F14FC3F694}"
EndProject
Global
	GlobalSection(SolutionConfigurationPlatforms) = preSolution
		Debug|Any CPU = Debug|Any CPU
		Debug|x64 = Debug|x64
		Release|Any CPU = Release|Any CPU
		Release|x64 = Release|x64
	EndGlobalSection
	GlobalSection(ProjectConfigurationPlatforms) = postSolution
		{B471C3C5-D3C8-4659-A8FF-34D23BCCC5C0}.Debug|Any CPU.ActiveCfg = Debug|x64
		{B471C3C5-D3C8-4659-A8FF-34D23BCCC5C0}.Debug|Any CPU.Build.0 = Debug|x64
		{B471C3C5-D3C8-4659-A8FF-34D23BCCC5C0}.Debug|x64.ActiveCfg = Debug|x64
		{B471C3C5-D3C8-4659-A8FF-34D23BCCC5C0}.Debug|x64.Build.0 = Debug|x64
		{B471C3C5-D3C8-4659-A8FF-34D23BCCC5C0}.Release|Any CPU.ActiveCfg = Release|x64
		{B471C3C5-D3C8-4659-A8FF-34D23BCCC5C0}.Release|Any CPU.Build.0 = Release|x64
		{B471C3C5-D3C8-4659-A8FF-34D23BCCC5C0}.Release|x64.ActiveCfg = Release|x64
		{B471C3C5-D3C8-4659-A8FF-34D23BCCC5C0}.Release|x64.Build.0 = Release|x64
		{8DB10F5A-9C2A-4B08-BAF7-EA195E2BF2F3}.Debug|Any CPU.ActiveCfg = Debug|x64
		{8DB10F5A-9C2A-4B08-BAF7-EA195E2BF2F3}.Debug|Any CPU.Build.0 = Debug|x64
		{8DB10F5A-9C2A-4B08-BAF7-EA195E2BF2F3}.Debug|x64.ActiveCfg = Debug|x64
		{8DB10F5A-9C2A-4B08-BAF7-EA195E2BF2F3}.Debug|x64.Build.0 = Debug|x64
		{8DB10F5A-9C2A-4B08-BAF7-EA195E2BF2F3}.Release|Any CPU.ActiveCfg = Release|x64
		{8DB10F5A-9C2A-4B08-BAF7-EA195E2BF2F3}.Release|Any CPU.Build.0 = Release|x64
		{8DB10F5A-9C2A-4B08-BAF7-EA195E2BF2F3}.Release|x64.ActiveCfg = Release|x64
		{8DB10F5A-9C2A-4B08-BAF7-EA195E2BF2F3}.Release|x64.Build.0 = Release|x64
		{1E09EE15-5C09-416B-B2F8-E5626E01B871}.Debug|Any CPU.ActiveCfg = Debug|x64
		{1E09EE15-5C09-416B-B2F8-E5626E01B871}.Debug|Any CPU.Build.0 = Debug|x64
		{1E09EE15-5C09-416B-B2F8-E5626E01B871}.Debug|x64.ActiveCfg = Debug|x64
		{1E09EE15-5C09-416B-B2F8-E5626E01B871}.Debug|x64.Build.0 = Debug|x64
		{1E09EE15-5C09-416B-B2F8-E5626E01B871}.Release|Any CPU.ActiveCfg = Release|x64
		{1E09EE15-5C09-416B-B2F8-E5626E01B871}.Release|Any CPU.Build.0 = Release|x64
		{1E09EE15-5C09-416B-B2F8-E5626E01B871}.Release|x64.ActiveCfg = Release|x64
		{1E09EE15-5C09-416B-B2F8-E5626E01B871}.Release|x64.Build.0 = Release|x64
		{918372E6-2892-4F64-9A4C-13CB5D1D88E2}.Debug|Any CPU.ActiveCfg = Debug|x64
		{918372E6-2892-4F64-9A4C-13CB5D1D88E2}.Debug|Any CPU.Build.0 = Debug|x64
		{918372E6-2892-4F64-9A4C-13CB5D1D88E2}.Debug|x64.ActiveCfg = Debug|x64
		{918372E6-2892-4F64-9A4C-13CB5D1D88E2}.Debug|x64.Build.0 = Debug|x64
		{918372E6-2892-4F64-9A4C-13CB5D1D88E2}.Release|Any CPU.ActiveCfg = Release|x64
		{918372E6-2892-4F64-9A4C-13CB5D1D88E2}.Release|Any CPU.Build.0 = Release|x64
		{918372E6-2892-4F64-9A4C-13CB5D1D88E2}.Release|x64.ActiveCfg = Release|x64
		{918372E6-2892-4F64-9A4C-13CB5D1D88E2}.Release|x64.Build.0 = Release|x64
		{3C722E16-950E-4BDA-BF6D-F4F743F6EE08}.Debug|Any CPU.ActiveCfg = Debug|x64
		{3C722E16-950E-4BDA-BF6D-F4F743F6EE08}.Debug|Any CPU.Build.0 = Debug|x64
		{3C722E16-950E-4BDA-BF6D-F4F743F6EE08}.Debug|x64.ActiveCfg = Debug|x64
		{3C722E16-950E-4BDA-BF6D-F4F743F6EE08}.Debug|x64.Build.0 = Debug|x64
		{3C722E16-950E-4BDA-BF6D-F4F743F6EE08}.Release|Any CPU.ActiveCfg = Release|x64
		{3C722E16-950E-4BDA-BF6D-F4F743F6EE08}.Release|Any CPU.Build.0 = Release|x64
		{3C722E16-950E-4BDA-BF6D-F4F743F6EE08}.Release|x64.ActiveCfg = Release|x64
		{3C722E16-950E-4BDA-BF6D-F4F743F6EE08}.Release|x64.Build.0 = Release|x64
		{CC48DD46-6B80-4A42-BA4E-07CC737778A2}.Debug|Any CPU.ActiveCfg = Debug|x64
		{CC48DD46-6B80-4A42-BA4E-07CC737778A2}.Debug|Any CPU.Build.0 = Debug|x64
		{CC48DD46-6B80-4A42-BA4E-07CC737778A2}.Debug|x64.ActiveCfg = Debug|x64
		{CC48DD46-6B80-4A42-BA4E-07CC737778A2}.Debug|x64.Build.0 = Debug|x64
		{CC48DD46-6B80-4A42-BA4E-07CC737778A2}.Release|Any CPU.ActiveCfg = Release|x64
		{CC48DD46-6B80-4A42-BA4E-07CC737778A2}.Release|Any CPU.Build.0 = Release|x64
		{CC48DD46-6B80-4A42-BA4E-07CC737778A2}.Release|x64.ActiveCfg = Release|x64
		{CC48DD46-6B80-4A42-BA4E-07CC737778A2}.Release|x64.Build.0 = Release|x64
		{2D5C1DF7-C8DF-4620-BC7E-9458DBB3E932}.Debug|Any CPU.ActiveCfg = Debug|x64
		{2D5C1DF7-C8DF-4620-BC7E-9458DBB3E932}.Debug|Any CPU.Build.0 = Debug|x64
		{2D5C1DF7-C8DF-4620-BC7E-9458DBB3E932}.Debug|x64.ActiveCfg = Debug|x64
		{2D5C1DF7-C8DF-4620-BC7E-9458DBB3E932}.Debug|x64.Build.0 = Debug|x64
		{2D5C1DF7-C8DF-4620-BC7E-9458DBB3E932}.Release|Any CPU.ActiveCfg = Release|x64
		{2D5C1DF7-C8DF-4620-BC7E-9458DBB3E932}.Release|Any CPU.Build.0 = Release|x64
		{2D5C1DF7-C8DF-4620-BC7E-9458DBB3E932}.Release|x64.ActiveCfg = Release|x64
		{2D5C1DF7-C8DF-4620-BC7E-9458DBB3E932}.Release|x64.Build.0 = Release|x64
		{A0DA8DDB-1A14-440F-BE42-72077DCA99DF}.Debug|Any CPU.ActiveCfg = Debug|x64
		{A0DA8DDB-1A14-440F-BE42-72077DCA99DF}.Debug|Any CPU.Build.0 = Debug|x64
		{A0DA8DDB-1A14-440F-BE42-72077DCA99DF}.Debug|x64.ActiveCfg = Debug|x64
		{A0DA8DDB-1A14-440F-BE42-72077DCA99DF}.Debug|x64.Build.0 = Debug|x64
		{A0DA8DDB-1A14-440F-BE42-72077DCA99DF}.Release|Any CPU.ActiveCfg = Release|x64
		{A0DA8DDB-1A14-440F-BE42-72077DCA99DF}.Release|Any CPU.Build.0 = Release|x64
		{A0DA8DDB-1A14-440F-BE42-72077DCA99DF}.Release|x64.ActiveCfg = Release|x64
		{A0DA8DDB-1A14-440F-BE42-72077DCA99DF}.Release|x64.Build.0 = Release|x64
		{30EBAD39-B213-41EF-871D-00250A742A69}.Debug|Any CPU.ActiveCfg = Debug|x64
		{30EBAD39-B213-41EF-871D-00250A742A69}.Debug|Any CPU.Build.0 = Debug|x64
		{30EBAD39-B213-41EF-871D-00250A742A69}.Debug|x64.ActiveCfg = Debug|x64
		{30EBAD39-B213-41EF-871D-00250A742A69}.Debug|x64.Build.0 = Debug|x64
		{30EBAD39-B213-41EF-871D-00250A742A69}.Release|Any CPU.ActiveCfg = Release|x64
		{30EBAD39-B213-41EF-871D-00250A742A69}.Release|Any CPU.Build.0 = Release|x64
		{30EBAD39-B213-41EF-871D-00250A742A69}.Release|x64.ActiveCfg = Release|x64
		{30EBAD39-B213-41EF-871D-00250A742A69}.Release|x64.Build.0 = Release|x64
		{88EF261D-1528-44FE-866E-BFE6BF1C8712}.Debug|Any CPU.ActiveCfg = Debug|x64
		{88EF261D-1528-44FE-866E-BFE6BF1C8712}.Debug|Any CPU.Build.0 = Debug|x64
		{88EF261D-1528-44FE-866E-BFE6BF1C8712}.Debug|x64.ActiveCfg = Debug|x64
		{88EF261D-1528-44FE-866E-BFE6BF1C8712}.Debug|x64.Build.0 = Debug|x64
		{88EF261D-1528-44FE-866E-BFE6BF1C8712}.Release|Any CPU.ActiveCfg = Release|x64
		{88EF261D-1528-44FE-866E-BFE6BF1C8712}.Release|Any CPU.Build.0 = Release|x64
		{88EF261D-1528-44FE-866E-BFE6BF1C8712}.Release|x64.ActiveCfg = Release|x64
		{88EF261D-1528-44FE-866E-BFE6BF1C8712}.Release|x64.Build.0 = Release|x64
		{602A1BE1-79A1-4CA1-AB9A-EB363BA4B330}.Debug|Any CPU.ActiveCfg = Debug|x64
		{602A1BE1-79A1-4CA1-AB9A-EB363BA4B330}.Debug|Any CPU.Build.0 = Debug|x64
		{602A1BE1-79A1-4CA1-AB9A-EB363BA4B330}.Debug|x64.ActiveCfg = Debug|x64
		{602A1BE1-79A1-4CA1-AB9A-EB363BA4B330}.Debug|x64.Build.0 = Debug|x64
		{602A1BE1-79A1-4CA1-AB9A-EB363BA4B330}.Release|Any CPU.ActiveCfg = Release|x64
		{602A1BE1-79A1-4CA1-AB9A-EB363BA4B330}.Release|Any CPU.Build.0 = Release|x64
		{602A1BE1-79A1-4CA1-AB9A-EB363BA4B330}.Release|x64.ActiveCfg = Release|x64
		{602A1BE1-79A1-4CA1-AB9A-EB363BA4B330}.Release|x64.Build.0 = Release|x64
		{2AA66800-5E76-4285-B245-962E3ACAF2F8}.Debug|Any CPU.ActiveCfg = Debug|x64
		{2AA66800-5E76-4285-B245-962E3ACAF2F8}.Debug|Any CPU.Build.0 = Debug|x64
		{2AA66800-5E76-4285-B245-962E3ACAF2F8}.Debug|x64.ActiveCfg = Debug|Any CPU
		{2AA66800-5E76-4285-B245-962E3ACAF2F8}.Debug|x64.Build.0 = Debug|Any CPU
		{2AA66800-5E76-4285-B245-962E3ACAF2F8}.Release|Any CPU.ActiveCfg = Release|x64
		{2AA66800-5E76-4285-B245-962E3ACAF2F8}.Release|Any CPU.Build.0 = Release|x64
		{2AA66800-5E76-4285-B245-962E3ACAF2F8}.Release|x64.ActiveCfg = Release|Any CPU
		{2AA66800-5E76-4285-B245-962E3ACAF2F8}.Release|x64.Build.0 = Release|Any CPU
		{31A7A32E-6BFF-440F-A1C5-F2090D36DC06}.Debug|Any CPU.ActiveCfg = Debug|x64
		{31A7A32E-6BFF-440F-A1C5-F2090D36DC06}.Debug|Any CPU.Build.0 = Debug|x64
		{31A7A32E-6BFF-440F-A1C5-F2090D36DC06}.Debug|x64.ActiveCfg = Debug|Any CPU
		{31A7A32E-6BFF-440F-A1C5-F2090D36DC06}.Debug|x64.Build.0 = Debug|Any CPU
		{31A7A32E-6BFF-440F-A1C5-F2090D36DC06}.Release|Any CPU.ActiveCfg = Release|x64
		{31A7A32E-6BFF-440F-A1C5-F2090D36DC06}.Release|Any CPU.Build.0 = Release|x64
		{31A7A32E-6BFF-440F-A1C5-F2090D36DC06}.Release|x64.ActiveCfg = Release|Any CPU
		{31A7A32E-6BFF-440F-A1C5-F2090D36DC06}.Release|x64.Build.0 = Release|Any CPU
		{B2D72650-D798-4B09-A2D0-3FE7B88D0063}.Debug|Any CPU.ActiveCfg = Debug|x64
		{B2D72650-D798-4B09-A2D0-3FE7B88D0063}.Debug|Any CPU.Build.0 = Debug|x64
		{B2D72650-D798-4B09-A2D0-3FE7B88D0063}.Debug|x64.ActiveCfg = Debug|Any CPU
		{B2D72650-D798-4B09-A2D0-3FE7B88D0063}.Debug|x64.Build.0 = Debug|Any CPU
		{B2D72650-D798-4B09-A2D0-3FE7B88D0063}.Release|Any CPU.ActiveCfg = Release|x64
		{B2D72650-D798-4B09-A2D0-3FE7B88D0063}.Release|Any CPU.Build.0 = Release|x64
		{B2D72650-D798-4B09-A2D0-3FE7B88D0063}.Release|x64.ActiveCfg = Release|Any CPU
		{B2D72650-D798-4B09-A2D0-3FE7B88D0063}.Release|x64.Build.0 = Release|Any CPU
		{9D4A2683-B4EB-4D82-B07F-00A493C1F944}.Debug|Any CPU.ActiveCfg = Debug|x64
		{9D4A2683-B4EB-4D82-B07F-00A493C1F944}.Debug|Any CPU.Build.0 = Debug|x64
		{9D4A2683-B4EB-4D82-B07F-00A493C1F944}.Debug|x64.ActiveCfg = Debug|Any CPU
		{9D4A2683-B4EB-4D82-B07F-00A493C1F944}.Debug|x64.Build.0 = Debug|Any CPU
		{9D4A2683-B4EB-4D82-B07F-00A493C1F944}.Release|Any CPU.ActiveCfg = Release|x64
		{9D4A2683-B4EB-4D82-B07F-00A493C1F944}.Release|Any CPU.Build.0 = Release|x64
		{9D4A2683-B4EB-4D82-B07F-00A493C1F944}.Release|x64.ActiveCfg = Release|Any CPU
		{9D4A2683-B4EB-4D82-B07F-00A493C1F944}.Release|x64.Build.0 = Release|Any CPU
		{7402C1E5-B927-43C5-A80C-61CDC3B24794}.Debug|Any CPU.ActiveCfg = Debug|x64
		{7402C1E5-B927-43C5-A80C-61CDC3B24794}.Debug|Any CPU.Build.0 = Debug|x64
		{7402C1E5-B927-43C5-A80C-61CDC3B24794}.Debug|x64.ActiveCfg = Debug|x64
		{7402C1E5-B927-43C5-A80C-61CDC3B24794}.Debug|x64.Build.0 = Debug|x64
		{7402C1E5-B927-43C5-A80C-61CDC3B24794}.Release|Any CPU.ActiveCfg = Release|x64
		{7402C1E5-B927-43C5-A80C-61CDC3B24794}.Release|Any CPU.Build.0 = Release|x64
		{7402C1E5-B927-43C5-A80C-61CDC3B24794}.Release|x64.ActiveCfg = Release|x64
		{7402C1E5-B927-43C5-A80C-61CDC3B24794}.Release|x64.Build.0 = Release|x64
		{26C2EEF4-ABD6-4DE7-8058-3CFD4515E85C}.Debug|Any CPU.ActiveCfg = Debug|x64
		{26C2EEF4-ABD6-4DE7-8058-3CFD4515E85C}.Debug|Any CPU.Build.0 = Debug|x64
		{26C2EEF4-ABD6-4DE7-8058-3CFD4515E85C}.Debug|x64.ActiveCfg = Debug|Any CPU
		{26C2EEF4-ABD6-4DE7-8058-3CFD4515E85C}.Debug|x64.Build.0 = Debug|Any CPU
		{26C2EEF4-ABD6-4DE7-8058-3CFD4515E85C}.Release|Any CPU.ActiveCfg = Release|x64
		{26C2EEF4-ABD6-4DE7-8058-3CFD4515E85C}.Release|Any CPU.Build.0 = Release|x64
		{26C2EEF4-ABD6-4DE7-8058-3CFD4515E85C}.Release|x64.ActiveCfg = Release|Any CPU
		{26C2EEF4-ABD6-4DE7-8058-3CFD4515E85C}.Release|x64.Build.0 = Release|Any CPU
		{DDCF5035-CA34-4E73-AD10-914D5C657E9F}.Debug|Any CPU.ActiveCfg = Debug|x64
		{DDCF5035-CA34-4E73-AD10-914D5C657E9F}.Debug|Any CPU.Build.0 = Debug|x64
		{DDCF5035-CA34-4E73-AD10-914D5C657E9F}.Debug|x64.ActiveCfg = Debug|x64
		{DDCF5035-CA34-4E73-AD10-914D5C657E9F}.Debug|x64.Build.0 = Debug|x64
		{DDCF5035-CA34-4E73-AD10-914D5C657E9F}.Release|Any CPU.ActiveCfg = Release|x64
		{DDCF5035-CA34-4E73-AD10-914D5C657E9F}.Release|Any CPU.Build.0 = Release|x64
		{DDCF5035-CA34-4E73-AD10-914D5C657E9F}.Release|x64.ActiveCfg = Release|x64
		{DDCF5035-CA34-4E73-AD10-914D5C657E9F}.Release|x64.Build.0 = Release|x64
		{0CE294BA-19DA-41DD-957B-867DEB2372CB}.Debug|Any CPU.ActiveCfg = Debug|x64
		{0CE294BA-19DA-41DD-957B-867DEB2372CB}.Debug|Any CPU.Build.0 = Debug|x64
		{0CE294BA-19DA-41DD-957B-867DEB2372CB}.Debug|x64.ActiveCfg = Debug|Any CPU
		{0CE294BA-19DA-41DD-957B-867DEB2372CB}.Debug|x64.Build.0 = Debug|Any CPU
		{0CE294BA-19DA-41DD-957B-867DEB2372CB}.Release|Any CPU.ActiveCfg = Release|x64
		{0CE294BA-19DA-41DD-957B-867DEB2372CB}.Release|Any CPU.Build.0 = Release|x64
		{0CE294BA-19DA-41DD-957B-867DEB2372CB}.Release|x64.ActiveCfg = Release|Any CPU
		{0CE294BA-19DA-41DD-957B-867DEB2372CB}.Release|x64.Build.0 = Release|Any CPU
		{83726985-8B56-4DE0-8ED5-A27C8908FD81}.Debug|Any CPU.ActiveCfg = Debug|Any CPU
		{83726985-8B56-4DE0-8ED5-A27C8908FD81}.Debug|Any CPU.Build.0 = Debug|Any CPU
		{83726985-8B56-4DE0-8ED5-A27C8908FD81}.Debug|x64.ActiveCfg = Debug|x64
		{83726985-8B56-4DE0-8ED5-A27C8908FD81}.Debug|x64.Build.0 = Debug|x64
		{83726985-8B56-4DE0-8ED5-A27C8908FD81}.Release|Any CPU.ActiveCfg = Release|Any CPU
		{83726985-8B56-4DE0-8ED5-A27C8908FD81}.Release|Any CPU.Build.0 = Release|Any CPU
		{83726985-8B56-4DE0-8ED5-A27C8908FD81}.Release|x64.ActiveCfg = Release|x64
		{83726985-8B56-4DE0-8ED5-A27C8908FD81}.Release|x64.Build.0 = Release|x64
		{C9B52BF1-826C-4B65-A765-E3F14FC3F694}.Debug|Any CPU.ActiveCfg = Debug|Any CPU
		{C9B52BF1-826C-4B65-A765-E3F14FC3F694}.Debug|Any CPU.Build.0 = Debug|Any CPU
		{C9B52BF1-826C-4B65-A765-E3F14FC3F694}.Debug|x64.ActiveCfg = Debug|x64
		{C9B52BF1-826C-4B65-A765-E3F14FC3F694}.Debug|x64.Build.0 = Debug|x64
		{C9B52BF1-826C-4B65-A765-E3F14FC3F694}.Release|Any CPU.ActiveCfg = Release|Any CPU
		{C9B52BF1-826C-4B65-A765-E3F14FC3F694}.Release|Any CPU.Build.0 = Release|Any CPU
		{C9B52BF1-826C-4B65-A765-E3F14FC3F694}.Release|x64.ActiveCfg = Release|x64
		{C9B52BF1-826C-4B65-A765-E3F14FC3F694}.Release|x64.Build.0 = Release|x64
	EndGlobalSection
	GlobalSection(SolutionProperties) = preSolution
		HideSolutionNode = FALSE
	EndGlobalSection
	GlobalSection(NestedProjects) = preSolution
		{B471C3C5-D3C8-4659-A8FF-34D23BCCC5C0} = {6212E19F-2D94-4EE5-9AEF-DACDBB738259}
		{8DB10F5A-9C2A-4B08-BAF7-EA195E2BF2F3} = {6212E19F-2D94-4EE5-9AEF-DACDBB738259}
		{1E09EE15-5C09-416B-B2F8-E5626E01B871} = {A54E996F-5876-4595-8E8F-19B64016C2C5}
		{918372E6-2892-4F64-9A4C-13CB5D1D88E2} = {A54E996F-5876-4595-8E8F-19B64016C2C5}
		{3C722E16-950E-4BDA-BF6D-F4F743F6EE08} = {A54E996F-5876-4595-8E8F-19B64016C2C5}
		{CC48DD46-6B80-4A42-BA4E-07CC737778A2} = {A54E996F-5876-4595-8E8F-19B64016C2C5}
		{2D5C1DF7-C8DF-4620-BC7E-9458DBB3E932} = {A54E996F-5876-4595-8E8F-19B64016C2C5}
		{A0DA8DDB-1A14-440F-BE42-72077DCA99DF} = {6212E19F-2D94-4EE5-9AEF-DACDBB738259}
		{30EBAD39-B213-41EF-871D-00250A742A69} = {95BAD5E5-2EEF-4E1D-92DB-FFCA642AAE6F}
		{88EF261D-1528-44FE-866E-BFE6BF1C8712} = {6212E19F-2D94-4EE5-9AEF-DACDBB738259}
		{602A1BE1-79A1-4CA1-AB9A-EB363BA4B330} = {A54E996F-5876-4595-8E8F-19B64016C2C5}
		{2AA66800-5E76-4285-B245-962E3ACAF2F8} = {6212E19F-2D94-4EE5-9AEF-DACDBB738259}
		{31A7A32E-6BFF-440F-A1C5-F2090D36DC06} = {6212E19F-2D94-4EE5-9AEF-DACDBB738259}
		{B2D72650-D798-4B09-A2D0-3FE7B88D0063} = {6212E19F-2D94-4EE5-9AEF-DACDBB738259}
		{9D4A2683-B4EB-4D82-B07F-00A493C1F944} = {6212E19F-2D94-4EE5-9AEF-DACDBB738259}
		{7402C1E5-B927-43C5-A80C-61CDC3B24794} = {6212E19F-2D94-4EE5-9AEF-DACDBB738259}
		{26C2EEF4-ABD6-4DE7-8058-3CFD4515E85C} = {95BAD5E5-2EEF-4E1D-92DB-FFCA642AAE6F}
		{DDCF5035-CA34-4E73-AD10-914D5C657E9F} = {6212E19F-2D94-4EE5-9AEF-DACDBB738259}
		{0CE294BA-19DA-41DD-957B-867DEB2372CB} = {6212E19F-2D94-4EE5-9AEF-DACDBB738259}
		{E7F99624-CFEE-4574-9BBD-2F2D88ADA241} = {95BAD5E5-2EEF-4E1D-92DB-FFCA642AAE6F}
		{83726985-8B56-4DE0-8ED5-A27C8908FD81} = {E7F99624-CFEE-4574-9BBD-2F2D88ADA241}
		{C9B52BF1-826C-4B65-A765-E3F14FC3F694} = {E7F99624-CFEE-4574-9BBD-2F2D88ADA241}
	EndGlobalSection
	GlobalSection(ExtensibilityGlobals) = postSolution
		SolutionGuid = {342A7422-A957-456D-9132-D532B687969D}
	EndGlobalSection
EndGlobal
